// !$*UTF8*$!
{
	archiveVersion = 1;
	classes = {
	};
	objectVersion = 46;
	objects = {

/* Begin PBXBuildFile section */
		08413A251DB30272000FAEB0 /* AppDelegate.swift in Sources */ = {isa = PBXBuildFile; fileRef = 08413A241DB30272000FAEB0 /* AppDelegate.swift */; };
		08413A2A1DB30272000FAEB0 /* Main.storyboard in Resources */ = {isa = PBXBuildFile; fileRef = 08413A281DB30272000FAEB0 /* Main.storyboard */; };
		08413A2C1DB30272000FAEB0 /* Assets.xcassets in Resources */ = {isa = PBXBuildFile; fileRef = 08413A2B1DB30272000FAEB0 /* Assets.xcassets */; };
		08413A2F1DB30272000FAEB0 /* LaunchScreen.storyboard in Resources */ = {isa = PBXBuildFile; fileRef = 08413A2D1DB30272000FAEB0 /* LaunchScreen.storyboard */; };
		08CCD5291DB7A307009BBFCF /* ViewController.swift in Sources */ = {isa = PBXBuildFile; fileRef = 08CCD5281DB7A307009BBFCF /* ViewController.swift */; };
/* End PBXBuildFile section */

/* Begin PBXFileReference section */
		08413A211DB30272000FAEB0 /* AnimatedView.app */ = {isa = PBXFileReference; explicitFileType = wrapper.application; includeInIndex = 0; path = AnimatedView.app; sourceTree = BUILT_PRODUCTS_DIR; };
		08413A241DB30272000FAEB0 /* AppDelegate.swift */ = {isa = PBXFileReference; lastKnownFileType = sourcecode.swift; path = AppDelegate.swift; sourceTree = "<group>"; };
		08413A291DB30272000FAEB0 /* Base */ = {isa = PBXFileReference; lastKnownFileType = file.storyboard; name = Base; path = Base.lproj/Main.storyboard; sourceTree = "<group>"; };
		08413A2B1DB30272000FAEB0 /* Assets.xcassets */ = {isa = PBXFileReference; lastKnownFileType = folder.assetcatalog; path = Assets.xcassets; sourceTree = "<group>"; };
		08413A2E1DB30272000FAEB0 /* Base */ = {isa = PBXFileReference; lastKnownFileType = file.storyboard; name = Base; path = Base.lproj/LaunchScreen.storyboard; sourceTree = "<group>"; };
		08413A301DB30272000FAEB0 /* Info.plist */ = {isa = PBXFileReference; lastKnownFileType = text.plist.xml; path = Info.plist; sourceTree = "<group>"; };
		08CCD5281DB7A307009BBFCF /* ViewController.swift */ = {isa = PBXFileReference; fileEncoding = 4; lastKnownFileType = sourcecode.swift; path = ViewController.swift; sourceTree = "<group>"; };
/* End PBXFileReference section */

/* Begin PBXFrameworksBuildPhase section */
		08413A1E1DB30272000FAEB0 /* Frameworks */ = {
			isa = PBXFrameworksBuildPhase;
			buildActionMask = 2147483647;
			files = (
			);
			runOnlyForDeploymentPostprocessing = 0;
		};
/* End PBXFrameworksBuildPhase section */

/* Begin PBXGroup section */
		08413A181DB30272000FAEB0 = {
			isa = PBXGroup;
			children = (
				08413A231DB30272000FAEB0 /* AnimatedView */,
				08413A221DB30272000FAEB0 /* Products */,
			);
			sourceTree = "<group>";
		};
		08413A221DB30272000FAEB0 /* Products */ = {
			isa = PBXGroup;
			children = (
				08413A211DB30272000FAEB0 /* AnimatedView.app */,
			);
			name = Products;
			sourceTree = "<group>";
		};
		08413A231DB30272000FAEB0 /* AnimatedView */ = {
			isa = PBXGroup;
			children = (
				08413A241DB30272000FAEB0 /* AppDelegate.swift */,
				08CCD5281DB7A307009BBFCF /* ViewController.swift */,
				08413A281DB30272000FAEB0 /* Main.storyboard */,
				08413A2B1DB30272000FAEB0 /* Assets.xcassets */,
				08413A2D1DB30272000FAEB0 /* LaunchScreen.storyboard */,
				08413A301DB30272000FAEB0 /* Info.plist */,
			);
			path = AnimatedView;
			sourceTree = "<group>";
		};
/* End PBXGroup section */

/* Begin PBXNativeTarget section */
		08413A201DB30272000FAEB0 /* AnimatedView */ = {
			isa = PBXNativeTarget;
			buildConfigurationList = 08413A331DB30272000FAEB0 /* Build configuration list for PBXNativeTarget "AnimatedView" */;
			buildPhases = (
				08413A1D1DB30272000FAEB0 /* Sources */,
				08413A1E1DB30272000FAEB0 /* Frameworks */,
				08413A1F1DB30272000FAEB0 /* Resources */,
			);
			buildRules = (
			);
			dependencies = (
			);
			name = AnimatedView;
			productName = AnimatedView;
			productReference = 08413A211DB30272000FAEB0 /* AnimatedView.app */;
			productType = "com.apple.product-type.application";
		};
/* End PBXNativeTarget section */

/* Begin PBXProject section */
		08413A191DB30272000FAEB0 /* Project object */ = {
			isa = PBXProject;
			attributes = {
				LastSwiftUpdateCheck = 0800;
				LastUpgradeCheck = 0800;
				ORGANIZATIONNAME = "Sutina Wipawiwat";
				TargetAttributes = {
					08413A201DB30272000FAEB0 = {
						CreatedOnToolsVersion = 8.0;
						ProvisioningStyle = Automatic;
					};
				};
			};
			buildConfigurationList = 08413A1C1DB30272000FAEB0 /* Build configuration list for PBXProject "AnimatedView" */;
			compatibilityVersion = "Xcode 3.2";
			developmentRegion = English;
			hasScannedForEncodings = 0;
			knownRegions = (
				en,
				Base,
			);
			mainGroup = 08413A181DB30272000FAEB0;
			productRefGroup = 08413A221DB30272000FAEB0 /* Products */;
			projectDirPath = "";
			projectRoot = "";
			targets = (
				08413A201DB30272000FAEB0 /* AnimatedView */,
			);
		};
/* End PBXProject section */

/* Begin PBXResourcesBuildPhase section */
		08413A1F1DB30272000FAEB0 /* Resources */ = {
			isa = PBXResourcesBuildPhase;
			buildActionMask = 2147483647;
			files = (
				08413A2F1DB30272000FAEB0 /* LaunchScreen.storyboard in Resources */,
				08413A2C1DB30272000FAEB0 /* Assets.xcassets in Resources */,
				08413A2A1DB30272000FAEB0 /* Main.storyboard in Resources */,
			);
			runOnlyForDeploymentPostprocessing = 0;
		};
/* End PBXResourcesBuildPhase section */

/* Begin PBXSourcesBuildPhase section */
		08413A1D1DB30272000FAEB0 /* Sources */ = {
			isa = PBXSourcesBuildPhase;
			buildActionMask = 2147483647;
			files = (
				08413A251DB30272000FAEB0 /* AppDelegate.swift in Sources */,
				08CCD5291DB7A307009BBFCF /* ViewController.swift in Sources */,
			);
			runOnlyForDeploymentPostprocessing = 0;
		};
/* End PBXSourcesBuildPhase section */

/* Begin PBXVariantGroup section */
		08413A281DB30272000FAEB0 /* Main.storyboard */ = {
			isa = PBXVariantGroup;
			children = (
				08413A291DB30272000FAEB0 /* Base */,
			);
			name = Main.storyboard;
			sourceTree = "<group>";
		};
		08413A2D1DB30272000FAEB0 /* LaunchScreen.storyboard */ = {
			isa = PBXVariantGroup;
			children = (
				08413A2E1DB30272000FAEB0 /* Base */,
			);
			name = LaunchScreen.storyboard;
			sourceTree = "<group>";
		};
/* End PBXVariantGroup section */

/* Begin XCBuildConfiguration section */
		08413A311DB30272000FAEB0 /* Debug */ = {
			isa = XCBuildConfiguration;
			buildSettings = {
				ALWAYS_SEARCH_USER_PATHS = NO;
				CLANG_ANALYZER_NONNULL = YES;
				CLANG_CXX_LANGUAGE_STANDARD = "gnu++0x";
				CLANG_CXX_LIBRARY = "libc++";
				CLANG_ENABLE_MODULES = YES;
				CLANG_ENABLE_OBJC_ARC = YES;
				CLANG_WARN_BOOL_CONVERSION = YES;
				CLANG_WARN_CONSTANT_CONVERSION = YES;
				CLANG_WARN_DIRECT_OBJC_ISA_USAGE = YES_ERROR;
				CLANG_WARN_DOCUMENTATION_COMMENTS = YES;
				CLANG_WARN_EMPTY_BODY = YES;
				CLANG_WARN_ENUM_CONVERSION = YES;
				CLANG_WARN_INFINITE_RECURSION = YES;
				CLANG_WARN_INT_CONVERSION = YES;
				CLANG_WARN_OBJC_ROOT_CLASS = YES_ERROR;
				CLANG_WARN_SUSPICIOUS_MOVES = YES;
				CLANG_WARN_UNREACHABLE_CODE = YES;
				CLANG_WARN__DUPLICATE_METHOD_MATCH = YES;
				"CODE_SIGN_IDENTITY[sdk=iphoneos*]" = "iPhone Developer";
				COPY_PHASE_STRIP = NO;
				DEBUG_INFORMATION_FORMAT = dwarf;
				ENABLE_STRICT_OBJC_MSGSEND = YES;
				ENABLE_TESTABILITY = YES;
				GCC_C_LANGUAGE_STANDARD = gnu99;
				GCC_DYNAMIC_NO_PIC = NO;
				GCC_NO_COMMON_BLOCKS = YES;
				GCC_OPTIMIZATION_LEVEL = 0;
				GCC_PREPROCESSOR_DEFINITIONS = (
					"DEBUG=1",
					"$(inherited)",
				);
				GCC_WARN_64_TO_32_BIT_CONVERSION = YES;
				GCC_WARN_ABOUT_RETURN_TYPE = YES_ERROR;
				GCC_WARN_UNDECLARED_SELECTOR = YES;
				GCC_WARN_UNINITIALIZED_AUTOS = YES_AGGRESSIVE;
				GCC_WARN_UNUSED_FUNCTION = YES;
				GCC_WARN_UNUSED_VARIABLE = YES;
				IPHONEOS_DEPLOYMENT_TARGET = 10.0;
				MTL_ENABLE_DEBUG_INFO = YES;
				ONLY_ACTIVE_ARCH = YES;
				SDKROOT = iphoneos;
				SWIFT_ACTIVE_COMPILATION_CONDITIONS = DEBUG;
				SWIFT_OPTIMIZATION_LEVEL = "-Onone";
				TARGETED_DEVICE_FAMILY = "1,2";
			};
			name = Debug;
		};
		08413A321DB30272000FAEB0 /* Release */ = {
			isa = XCBuildConfiguration;
			buildSettings = {
				ALWAYS_SEARCH_USER_PATHS = NO;
				CLANG_ANALYZER_NONNULL = YES;
				CLANG_CXX_LANGUAGE_STANDARD = "gnu++0x";
				CLANG_CXX_LIBRARY = "libc++";
				CLANG_ENABLE_MODULES = YES;
				CLANG_ENABLE_OBJC_ARC = YES;
				CLANG_WARN_BOOL_CONVERSION = YES;
				CLANG_WARN_CONSTANT_CONVERSION = YES;
				CLANG_WARN_DIRECT_OBJC_ISA_USAGE = YES_ERROR;
				CLANG_WARN_DOCUMENTATION_COMMENTS = YES;
				CLANG_WARN_EMPTY_BODY = YES;
				CLANG_WARN_ENUM_CONVERSION = YES;
				CLANG_WARN_INFINITE_RECURSION = YES;
				CLANG_WARN_INT_CONVERSION = YES;
				CLANG_WARN_OBJC_ROOT_CLASS = YES_ERROR;
				CLANG_WARN_SUSPICIOUS_MOVES = YES;
				CLANG_WARN_UNREACHABLE_CODE = YES;
				CLANG_WARN__DUPLICATE_METHOD_MATCH = YES;
				"CODE_SIGN_IDENTITY[sdk=iphoneos*]" = "iPhone Developer";
				COPY_PHASE_STRIP = NO;
				DEBUG_INFORMATION_FORMAT = "dwarf-with-dsym";
				ENABLE_NS_ASSERTIONS = NO;
				ENABLE_STRICT_OBJC_MSGSEND = YES;
				GCC_C_LANGUAGE_STANDARD = gnu99;
				GCC_NO_COMMON_BLOCKS = YES;
				GCC_WARN_64_TO_32_BIT_CONVERSION = YES;
				GCC_WARN_ABOUT_RETURN_TYPE = YES_ERROR;
				GCC_WARN_UNDECLARED_SELECTOR = YES;
				GCC_WARN_UNINITIALIZED_AUTOS = YES_AGGRESSIVE;
				GCC_WARN_UNUSED_FUNCTION = YES;
				GCC_WARN_UNUSED_VARIABLE = YES;
				IPHONEOS_DEPLOYMENT_TARGET = 10.0;
				MTL_ENABLE_DEBUG_INFO = NO;
				SDKROOT = iphoneos;
				SWIFT_OPTIMIZATION_LEVEL = "-Owholemodule";
				TARGETED_DEVICE_FAMILY = "1,2";
				VALIDATE_PRODUCT = YES;
			};
			name = Release;
		};
		08413A341DB30272000FAEB0 /* Debug */ = {
			isa = XCBuildConfiguration;
			buildSettings = {
				ASSETCATALOG_COMPILER_APPICON_NAME = AppIcon;
				"CODE_SIGN_IDENTITY[sdk=iphoneos*]" = "iPhone Developer";
				DEVELOPMENT_TEAM = "";
				INFOPLIST_FILE = AnimatedView/Info.plist;
				LD_RUNPATH_SEARCH_PATHS = "$(inherited) @executable_path/Frameworks";
				PRODUCT_BUNDLE_IDENTIFIER = com.wipawiwat.sutina.AnimatedView;
				PRODUCT_NAME = "$(TARGET_NAME)";
				SWIFT_VERSION = 3.0;
			};
			name = Debug;
		};
		08413A351DB30272000FAEB0 /* Release */ = {
			isa = XCBuildConfiguration;
			buildSettings = {
				ASSETCATALOG_COMPILER_APPICON_NAME = AppIcon;
				"CODE_SIGN_IDENTITY[sdk=iphoneos*]" = "iPhone Developer";
				DEVELOPMENT_TEAM = "";
				INFOPLIST_FILE = AnimatedView/Info.plist;
				LD_RUNPATH_SEARCH_PATHS = "$(inherited) @executable_path/Frameworks";
				PRODUCT_BUNDLE_IDENTIFIER = com.wipawiwat.sutina.AnimatedView;
				PRODUCT_NAME = "$(TARGET_NAME)";
				SWIFT_VERSION = 3.0;
			};
			name = Release;
		};
/* End XCBuildConfiguration section */

/* Begin XCConfigurationList section */
		08413A1C1DB30272000FAEB0 /* Build configuration list for PBXProject "AnimatedView" */ = {
			isa = XCConfigurationList;
			buildConfigurations = (
				08413A311DB30272000FAEB0 /* Debug */,
				08413A321DB30272000FAEB0 /* Release */,
			);
			defaultConfigurationIsVisible = 0;
			defaultConfigurationName = Release;
		};
		08413A331DB30272000FAEB0 /* Build configuration list for PBXNativeTarget "AnimatedView" */ = {
			isa = XCConfigurationList;
			buildConfigurations = (
				08413A341DB30272000FAEB0 /* Debug */,
				08413A351DB30272000FAEB0 /* Release */,
			);
			defaultConfigurationIsVisible = 0;
			defaultConfigurationName = Release;
		};
/* End XCConfigurationList section */
	};
	rootObject = 08413A191DB30272000FAEB0 /* Project object */;
}
